
Microsoft Visual Studio Solution File, Format Version 12.00
# Visual Studio 15
VisualStudioVersion = 15.0.28307.136
MinimumVisualStudioVersion = 10.0.40219.1
Project("{FAE04EC0-301F-11D3-BF4B-00C04F79EFBC}") = "FakesWithNSubstitute", "FakesWithNSubstitute\FakesWithNSubstitute.csproj", "{FF4AC42A-AFA8-4711-8BB2-EF39404B9DF7}"
EndProject
Global
	GlobalSection(SolutionConfigurationPlatforms) = preSolution
		Debug|Any CPU = Debug|Any CPU
		Release|Any CPU = Release|Any CPU
	EndGlobalSection
	GlobalSection(ProjectConfigurationPlatforms) = postSolution
		{FF4AC42A-AFA8-4711-8BB2-EF39404B9DF7}.Debug|Any CPU.ActiveCfg = Debug|Any CPU
		{FF4AC42A-AFA8-4711-8BB2-EF39404B9DF7}.Debug|Any CPU.Build.0 = Debug|Any CPU
		{FF4AC42A-AFA8-4711-8BB2-EF39404B9DF7}.Release|Any CPU.ActiveCfg = Release|Any CPU
		{FF4AC42A-AFA8-4711-8BB2-EF39404B9DF7}.Release|Any CPU.Build.0 = Release|Any CPU
	EndGlobalSection
	GlobalSection(SolutionProperties) = preSolution
		HideSolutionNode = FALSE
	EndGlobalSection
	GlobalSection(ExtensibilityGlobals) = postSolution
		SolutionGuid = {61284F59-2AFC-4CF9-8AEC-F939BA9D1092}
	EndGlobalSection
EndGlobal
